
Microsoft Visual Studio Solution File, Format Version 12.00
# Visual Studio 14
VisualStudioVersion = 14.0.24720.0
MinimumVisualStudioVersion = 10.0.40219.1
Project("{FAE04EC0-301F-11D3-BF4B-00C04F79EFBC}") = "Demo3Task4", "Demo3Task4\Demo3Task4.csproj", "{9D620AA3-2245-4ECB-B0BF-0D581C54BD26}"
EndProject
Project("{FAE04EC0-301F-11D3-BF4B-00C04F79EFBC}") = "Demo3Task5", "Demo3Task5\Demo3Task5.csproj", "{D4BD75E3-7302-4965-9367-F145A3A38EF5}"
EndProject
Project("{FAE04EC0-301F-11D3-BF4B-00C04F79EFBC}") = "Demo3Task6", "Demo3Task6\Demo3Task6.csproj", "{69D57C8D-957F-4BBE-A4BF-0B317BA53BF2}"
EndProject
Project("{FAE04EC0-301F-11D3-BF4B-00C04F79EFBC}") = "Demo4Task5", "Demo4Task5\Demo4Task5.csproj", "{53E0DBDD-62F1-446A-A618-E68F1C124967}"
EndProject
Project("{FAE04EC0-301F-11D3-BF4B-00C04F79EFBC}") = "Demo4Task6", "Demo4Task6\Demo4Task6.csproj", "{ADB4952C-5973-40B5-8980-C434D7D030E1}"
EndProject
Project("{FAE04EC0-301F-11D3-BF4B-00C04F79EFBC}") = "Demo4Task7", "Demo4Task7\Demo4Task7.csproj", "{E046A338-BAD1-497D-B58E-B482DD59C93A}"
EndProject
Project("{FAE04EC0-301F-11D3-BF4B-00C04F79EFBC}") = "Demo5Task4", "Demo5Task4\Demo5Task4.csproj", "{DAD14873-9764-4BC7-90DC-729F36AB972A}"
EndProject
Project("{FAE04EC0-301F-11D3-BF4B-00C04F79EFBC}") = "Demo6Task2", "Demo6Task2\Demo6Task2.csproj", "{14E3BE65-473A-43AC-BB73-6199D08458FB}"
EndProject
Project("{FAE04EC0-301F-11D3-BF4B-00C04F79EFBC}") = "Demo6Task3", "Demo6Task3\Demo6Task3.csproj", "{F6FDA9C5-9BFB-4DC8-BA99-D80DB5A89A8C}"
EndProject
Project("{FAE04EC0-301F-11D3-BF4B-00C04F79EFBC}") = "Demo7Task2", "Demo7Task2\Demo7Task2.csproj", "{0F439CBF-545F-487D-AC36-8232EF38C82E}"
EndProject
Project("{FAE04EC0-301F-11D3-BF4B-00C04F79EFBC}") = "Demo7Task3", "Demo7Task3\Demo7Task3.csproj", "{406BB35D-5426-4FD7-A362-370A0B0F39E2}"
EndProject
Project("{FAE04EC0-301F-11D3-BF4B-00C04F79EFBC}") = "Demo8Task1", "Demo8Task1\Demo8Task1.csproj", "{7BB10C2E-6DD4-4AFA-8096-1C9BEA340EF2}"
EndProject
Project("{FAE04EC0-301F-11D3-BF4B-00C04F79EFBC}") = "Demo8Task2", "Demo8Task2\Demo8Task2.csproj", "{5035D80B-37CE-4B35-AE18-5ABD1DDE2CA6}"
EndProject
Project("{FAE04EC0-301F-11D3-BF4B-00C04F79EFBC}") = "Demo8Task5", "Demo8Task5\Demo8Task5.csproj", "{2054EB59-1EDD-4EEA-B36F-731F7069F73B}"
EndProject
Project("{FAE04EC0-301F-11D3-BF4B-00C04F79EFBC}") = "Demo8Task6", "Demo8Task6\Demo8Task6.csproj", "{ADD3D90D-22DC-42A4-8E40-8A24FD58308E}"
EndProject
Global
	GlobalSection(SolutionConfigurationPlatforms) = preSolution
		Debug|Any CPU = Debug|Any CPU
		Release|Any CPU = Release|Any CPU
	EndGlobalSection
	GlobalSection(ProjectConfigurationPlatforms) = postSolution
		{9D620AA3-2245-4ECB-B0BF-0D581C54BD26}.Debug|Any CPU.ActiveCfg = Debug|Any CPU
		{9D620AA3-2245-4ECB-B0BF-0D581C54BD26}.Debug|Any CPU.Build.0 = Debug|Any CPU
		{9D620AA3-2245-4ECB-B0BF-0D581C54BD26}.Release|Any CPU.ActiveCfg = Release|Any CPU
		{9D620AA3-2245-4ECB-B0BF-0D581C54BD26}.Release|Any CPU.Build.0 = Release|Any CPU
		{D4BD75E3-7302-4965-9367-F145A3A38EF5}.Debug|Any CPU.ActiveCfg = Debug|Any CPU
		{D4BD75E3-7302-4965-9367-F145A3A38EF5}.Debug|Any CPU.Build.0 = Debug|Any CPU
		{D4BD75E3-7302-4965-9367-F145A3A38EF5}.Release|Any CPU.ActiveCfg = Release|Any CPU
		{D4BD75E3-7302-4965-9367-F145A3A38EF5}.Release|Any CPU.Build.0 = Release|Any CPU
		{69D57C8D-957F-4BBE-A4BF-0B317BA53BF2}.Debug|Any CPU.ActiveCfg = Debug|Any CPU
		{69D57C8D-957F-4BBE-A4BF-0B317BA53BF2}.Debug|Any CPU.Build.0 = Debug|Any CPU
		{69D57C8D-957F-4BBE-A4BF-0B317BA53BF2}.Release|Any CPU.ActiveCfg = Release|Any CPU
		{69D57C8D-957F-4BBE-A4BF-0B317BA53BF2}.Release|Any CPU.Build.0 = Release|Any CPU
		{53E0DBDD-62F1-446A-A618-E68F1C124967}.Debug|Any CPU.ActiveCfg = Debug|Any CPU
		{53E0DBDD-62F1-446A-A618-E68F1C124967}.Debug|Any CPU.Build.0 = Debug|Any CPU
		{53E0DBDD-62F1-446A-A618-E68F1C124967}.Release|Any CPU.ActiveCfg = Release|Any CPU
		{53E0DBDD-62F1-446A-A618-E68F1C124967}.Release|Any CPU.Build.0 = Release|Any CPU
		{ADB4952C-5973-40B5-8980-C434D7D030E1}.Debug|Any CPU.ActiveCfg = Debug|Any CPU
		{ADB4952C-5973-40B5-8980-C434D7D030E1}.Debug|Any CPU.Build.0 = Debug|Any CPU
		{ADB4952C-5973-40B5-8980-C434D7D030E1}.Release|Any CPU.ActiveCfg = Release|Any CPU
		{ADB4952C-5973-40B5-8980-C434D7D030E1}.Release|Any CPU.Build.0 = Release|Any CPU
		{E046A338-BAD1-497D-B58E-B482DD59C93A}.Debug|Any CPU.ActiveCfg = Debug|Any CPU
		{E046A338-BAD1-497D-B58E-B482DD59C93A}.Debug|Any CPU.Build.0 = Debug|Any CPU
		{E046A338-BAD1-497D-B58E-B482DD59C93A}.Release|Any CPU.ActiveCfg = Release|Any CPU
		{E046A338-BAD1-497D-B58E-B482DD59C93A}.Release|Any CPU.Build.0 = Release|Any CPU
		{DAD14873-9764-4BC7-90DC-729F36AB972A}.Debug|Any CPU.ActiveCfg = Debug|Any CPU
		{DAD14873-9764-4BC7-90DC-729F36AB972A}.Debug|Any CPU.Build.0 = Debug|Any CPU
		{DAD14873-9764-4BC7-90DC-729F36AB972A}.Release|Any CPU.ActiveCfg = Release|Any CPU
		{DAD14873-9764-4BC7-90DC-729F36AB972A}.Release|Any CPU.Build.0 = Release|Any CPU
		{14E3BE65-473A-43AC-BB73-6199D08458FB}.Debug|Any CPU.ActiveCfg = Debug|Any CPU
		{14E3BE65-473A-43AC-BB73-6199D08458FB}.Debug|Any CPU.Build.0 = Debug|Any CPU
		{14E3BE65-473A-43AC-BB73-6199D08458FB}.Release|Any CPU.ActiveCfg = Release|Any CPU
		{14E3BE65-473A-43AC-BB73-6199D08458FB}.Release|Any CPU.Build.0 = Release|Any CPU
		{F6FDA9C5-9BFB-4DC8-BA99-D80DB5A89A8C}.Debug|Any CPU.ActiveCfg = Debug|Any CPU
		{F6FDA9C5-9BFB-4DC8-BA99-D80DB5A89A8C}.Debug|Any CPU.Build.0 = Debug|Any CPU
		{F6FDA9C5-9BFB-4DC8-BA99-D80DB5A89A8C}.Release|Any CPU.ActiveCfg = Release|Any CPU
		{F6FDA9C5-9BFB-4DC8-BA99-D80DB5A89A8C}.Release|Any CPU.Build.0 = Release|Any CPU
		{0F439CBF-545F-487D-AC36-8232EF38C82E}.Debug|Any CPU.ActiveCfg = Debug|Any CPU
		{0F439CBF-545F-487D-AC36-8232EF38C82E}.Debug|Any CPU.Build.0 = Debug|Any CPU
		{0F439CBF-545F-487D-AC36-8232EF38C82E}.Release|Any CPU.ActiveCfg = Release|Any CPU
		{0F439CBF-545F-487D-AC36-8232EF38C82E}.Release|Any CPU.Build.0 = Release|Any CPU
		{406BB35D-5426-4FD7-A362-370A0B0F39E2}.Debug|Any CPU.ActiveCfg = Debug|Any CPU
		{406BB35D-5426-4FD7-A362-370A0B0F39E2}.Debug|Any CPU.Build.0 = Debug|Any CPU
		{406BB35D-5426-4FD7-A362-370A0B0F39E2}.Release|Any CPU.ActiveCfg = Release|Any CPU
		{406BB35D-5426-4FD7-A362-370A0B0F39E2}.Release|Any CPU.Build.0 = Release|Any CPU
		{7BB10C2E-6DD4-4AFA-8096-1C9BEA340EF2}.Debug|Any CPU.ActiveCfg = Debug|Any CPU
		{7BB10C2E-6DD4-4AFA-8096-1C9BEA340EF2}.Debug|Any CPU.Build.0 = Debug|Any CPU
		{7BB10C2E-6DD4-4AFA-8096-1C9BEA340EF2}.Release|Any CPU.ActiveCfg = Release|Any CPU
		{7BB10C2E-6DD4-4AFA-8096-1C9BEA340EF2}.Release|Any CPU.Build.0 = Release|Any CPU
		{5035D80B-37CE-4B35-AE18-5ABD1DDE2CA6}.Debug|Any CPU.ActiveCfg = Debug|Any CPU
		{5035D80B-37CE-4B35-AE18-5ABD1DDE2CA6}.Debug|Any CPU.Build.0 = Debug|Any CPU
		{5035D80B-37CE-4B35-AE18-5ABD1DDE2CA6}.Release|Any CPU.ActiveCfg = Release|Any CPU
		{5035D80B-37CE-4B35-AE18-5ABD1DDE2CA6}.Release|Any CPU.Build.0 = Release|Any CPU
		{2054EB59-1EDD-4EEA-B36F-731F7069F73B}.Debug|Any CPU.ActiveCfg = Debug|Any CPU
		{2054EB59-1EDD-4EEA-B36F-731F7069F73B}.Debug|Any CPU.Build.0 = Debug|Any CPU
		{2054EB59-1EDD-4EEA-B36F-731F7069F73B}.Release|Any CPU.ActiveCfg = Release|Any CPU
		{2054EB59-1EDD-4EEA-B36F-731F7069F73B}.Release|Any CPU.Build.0 = Release|Any CPU
		{ADD3D90D-22DC-42A4-8E40-8A24FD58308E}.Debug|Any CPU.ActiveCfg = Debug|Any CPU
		{ADD3D90D-22DC-42A4-8E40-8A24FD58308E}.Debug|Any CPU.Build.0 = Debug|Any CPU
		{ADD3D90D-22DC-42A4-8E40-8A24FD58308E}.Release|Any CPU.ActiveCfg = Release|Any CPU
		{ADD3D90D-22DC-42A4-8E40-8A24FD58308E}.Release|Any CPU.Build.0 = Release|Any CPU
	EndGlobalSection
	GlobalSection(SolutionProperties) = preSolution
		HideSolutionNode = FALSE
	EndGlobalSection
EndGlobal
